
Microsoft Visual Studio Solution File, Format Version 12.00
# Visual Studio Version 16
VisualStudioVersion = 25.0.1706.5
MinimumVisualStudioVersion = 10.0.40219.1
Project("{FAE04EC0-301F-11D3-BF4B-00C04F79EFBC}") = "Project", "Project\Project.csproj", "{37E78833-AA96-41CB-8F43-641AB09810CA}"
EndProject
Global
	GlobalSection(SolutionConfigurationPlatforms) = preSolution
		Debug|Any CPU = Debug|Any CPU
		Release|Any CPU = Release|Any CPU
	EndGlobalSection
	GlobalSection(ProjectConfigurationPlatforms) = postSolution
		{37E78833-AA96-41CB-8F43-641AB09810CA}.Debug|Any CPU.ActiveCfg = Debug|Any CPU
		{37E78833-AA96-41CB-8F43-641AB09810CA}.Debug|Any CPU.Build.0 = Debug|Any CPU
		{37E78833-AA96-41CB-8F43-641AB09810CA}.Release|Any CPU.ActiveCfg = Release|Any CPU
		{37E78833-AA96-41CB-8F43-641AB09810CA}.Release|Any CPU.Build.0 = Release|Any CPU
	EndGlobalSection
	GlobalSection(SolutionProperties) = preSolution
		HideSolutionNode = FALSE
	EndGlobalSection
	GlobalSection(ExtensibilityGlobals) = postSolution
		SolutionGuid = {61122B98-6CF4-4D7A-9418-7E793EC2BB39}
	EndGlobalSection
EndGlobal
